{
  "name": "jordan-walz-portfolio",
  "version": "1.0.0",
  "lockfileVersion": 3,
  "requires": true,
  "packages": {
    "": {
      "name": "jordan-walz-portfolio",
      "version": "1.0.0",
      "license": "MIT",
      "dependencies": {
        "@glyphs/wc-core": "latest"
      }
    },
    "node_modules/@glyphs/wc-core": {
      "version": "0.0.8",
      "resolved": "https://registry.npmjs.org/@glyphs/wc-core/-/wc-core-0.0.8.tgz",
      "integrity": "sha512-VgkZe/N5dmf6+pTG58TwR2CIT56LeVxGgAqu6iiofNlyHCr3CjeMof6wGbGNLKUGTCmxQ+UyW/uAEtKjVuniiA==",
      "license": "MIT",
      "dependencies": {
        "hybrids": "^4.3.4"
      }
    },
    "node_modules/hybrids": {
      "version": "4.3.4",
      "resolved": "https://registry.npmjs.org/hybrids/-/hybrids-4.3.4.tgz",
      "integrity": "sha512-npL0roK6o4ZnazKhxJVO9ycERGWnkwFmU3ywnsuD1As62CE69ONfeG6vheoB8vo7Qg6UDSG7bkXSgS6BLOUl8w==",
      "license": "MIT"
    }
  }
}
